// !$*UTF8*$!
{
	archiveVersion = 1;
	classes = {
	};
	objectVersion = 56;
	objects = {

/* Begin PBXBuildFile section */
		3A11B3D52A8217160023AD0E /* App.swift in Sources */ = {isa = PBXBuildFile; fileRef = 3A11B3D42A8217160023AD0E /* App.swift */; };
		3A11B3D72A8217160023AD0E /* MainView.swift in Sources */ = {isa = PBXBuildFile; fileRef = 3A11B3D62A8217160023AD0E /* MainView.swift */; };
		3A11B3D92A82171B0023AD0E /* Assets.xcassets in Resources */ = {isa = PBXBuildFile; fileRef = 3A11B3D82A82171B0023AD0E /* Assets.xcassets */; };
		3A11B3DC2A82171B0023AD0E /* Preview Assets.xcassets in Resources */ = {isa = PBXBuildFile; fileRef = 3A11B3DB2A82171B0023AD0E /* Preview Assets.xcassets */; };
		3A11B3E42A8219AF0023AD0E /* PasteboardManager.swift in Sources */ = {isa = PBXBuildFile; fileRef = 3A11B3E32A8219AF0023AD0E /* PasteboardManager.swift */; };
		3ACB8A592A847B37001DDE30 /* ContentsView.swift in Sources */ = {isa = PBXBuildFile; fileRef = 3ACB8A582A847B37001DDE30 /* ContentsView.swift */; };
		3ADE2FE12A94A81A00E0C146 /* SplitView.swift in Sources */ = {isa = PBXBuildFile; fileRef = 3ADE2FE02A94A81A00E0C146 /* SplitView.swift */; };
/* End PBXBuildFile section */

/* Begin PBXFileReference section */
		3A11B3D12A8217160023AD0E /* PasteShow.app */ = {isa = PBXFileReference; explicitFileType = wrapper.application; includeInIndex = 0; path = PasteShow.app; sourceTree = BUILT_PRODUCTS_DIR; };
		3A11B3D42A8217160023AD0E /* App.swift */ = {isa = PBXFileReference; lastKnownFileType = sourcecode.swift; path = App.swift; sourceTree = "<group>"; };
		3A11B3D62A8217160023AD0E /* MainView.swift */ = {isa = PBXFileReference; lastKnownFileType = sourcecode.swift; path = MainView.swift; sourceTree = "<group>"; };
		3A11B3D82A82171B0023AD0E /* Assets.xcassets */ = {isa = PBXFileReference; lastKnownFileType = folder.assetcatalog; path = Assets.xcassets; sourceTree = "<group>"; };
		3A11B3DB2A82171B0023AD0E /* Preview Assets.xcassets */ = {isa = PBXFileReference; lastKnownFileType = folder.assetcatalog; path = "Preview Assets.xcassets"; sourceTree = "<group>"; };
		3A11B3E32A8219AF0023AD0E /* PasteboardManager.swift */ = {isa = PBXFileReference; lastKnownFileType = sourcecode.swift; path = PasteboardManager.swift; sourceTree = "<group>"; };
		3ACB8A582A847B37001DDE30 /* ContentsView.swift */ = {isa = PBXFileReference; lastKnownFileType = sourcecode.swift; path = ContentsView.swift; sourceTree = "<group>"; };
		3ACB8A5A2A847DF6001DDE30 /* PasteShow.entitlements */ = {isa = PBXFileReference; fileEncoding = 4; lastKnownFileType = text.plist.entitlements; path = PasteShow.entitlements; sourceTree = "<group>"; };
		3ADE2FE02A94A81A00E0C146 /* SplitView.swift */ = {isa = PBXFileReference; lastKnownFileType = sourcecode.swift; path = SplitView.swift; sourceTree = "<group>"; };
/* End PBXFileReference section */

/* Begin PBXFrameworksBuildPhase section */
		3A11B3CE2A8217160023AD0E /* Frameworks */ = {
			isa = PBXFrameworksBuildPhase;
			buildActionMask = 2147483647;
			files = (
			);
			runOnlyForDeploymentPostprocessing = 0;
		};
/* End PBXFrameworksBuildPhase section */

/* Begin PBXGroup section */
		3A11B3C82A8217160023AD0E = {
			isa = PBXGroup;
			children = (
				3A11B3D32A8217160023AD0E /* PasteShow */,
				3A11B3D22A8217160023AD0E /* Products */,
			);
			sourceTree = "<group>";
		};
		3A11B3D22A8217160023AD0E /* Products */ = {
			isa = PBXGroup;
			children = (
				3A11B3D12A8217160023AD0E /* PasteShow.app */,
			);
			name = Products;
			sourceTree = "<group>";
		};
		3A11B3D32A8217160023AD0E /* PasteShow */ = {
			isa = PBXGroup;
			children = (
				3A11B3D42A8217160023AD0E /* App.swift */,
				3A11B3D62A8217160023AD0E /* MainView.swift */,
				3ADE2FE02A94A81A00E0C146 /* SplitView.swift */,
				3ACB8A582A847B37001DDE30 /* ContentsView.swift */,
				3A11B3E32A8219AF0023AD0E /* PasteboardManager.swift */,
				3A11B3D82A82171B0023AD0E /* Assets.xcassets */,
				3ACB8A5A2A847DF6001DDE30 /* PasteShow.entitlements */,
				3A11B3DA2A82171B0023AD0E /* Preview Content */,
			);
			path = PasteShow;
			sourceTree = "<group>";
		};
		3A11B3DA2A82171B0023AD0E /* Preview Content */ = {
			isa = PBXGroup;
			children = (
				3A11B3DB2A82171B0023AD0E /* Preview Assets.xcassets */,
			);
			path = "Preview Content";
			sourceTree = "<group>";
		};
/* End PBXGroup section */

/* Begin PBXNativeTarget section */
		3A11B3D02A8217160023AD0E /* PasteShow */ = {
			isa = PBXNativeTarget;
			buildConfigurationList = 3A11B3E02A82171B0023AD0E /* Build configuration list for PBXNativeTarget "PasteShow" */;
			buildPhases = (
				3A11B3CD2A8217160023AD0E /* Sources */,
				3A11B3CE2A8217160023AD0E /* Frameworks */,
				3A11B3CF2A8217160023AD0E /* Resources */,
			);
			buildRules = (
			);
			dependencies = (
			);
			name = PasteShow;
			productName = Pasteboard;
			productReference = 3A11B3D12A8217160023AD0E /* PasteShow.app */;
			productType = "com.apple.product-type.application";
		};
/* End PBXNativeTarget section */

/* Begin PBXProject section */
		3A11B3C92A8217160023AD0E /* Project object */ = {
			isa = PBXProject;
			attributes = {
				BuildIndependentTargetsInParallel = 1;
				LastSwiftUpdateCheck = 1500;
				LastUpgradeCheck = 1500;
				TargetAttributes = {
					3A11B3D02A8217160023AD0E = {
						CreatedOnToolsVersion = 15.0;
					};
				};
			};
			buildConfigurationList = 3A11B3CC2A8217160023AD0E /* Build configuration list for PBXProject "PasteShow" */;
			compatibilityVersion = "Xcode 14.0";
			developmentRegion = en;
			hasScannedForEncodings = 0;
			knownRegions = (
				en,
				Base,
			);
			mainGroup = 3A11B3C82A8217160023AD0E;
			productRefGroup = 3A11B3D22A8217160023AD0E /* Products */;
			projectDirPath = "";
			projectRoot = "";
			targets = (
				3A11B3D02A8217160023AD0E /* PasteShow */,
			);
		};
/* End PBXProject section */

/* Begin PBXResourcesBuildPhase section */
		3A11B3CF2A8217160023AD0E /* Resources */ = {
			isa = PBXResourcesBuildPhase;
			buildActionMask = 2147483647;
			files = (
				3A11B3DC2A82171B0023AD0E /* Preview Assets.xcassets in Resources */,
				3A11B3D92A82171B0023AD0E /* Assets.xcassets in Resources */,
			);
			runOnlyForDeploymentPostprocessing = 0;
		};
/* End PBXResourcesBuildPhase section */

/* Begin PBXSourcesBuildPhase section */
		3A11B3CD2A8217160023AD0E /* Sources */ = {
			isa = PBXSourcesBuildPhase;
			buildActionMask = 2147483647;
			files = (
				3A11B3D72A8217160023AD0E /* MainView.swift in Sources */,
				3ADE2FE12A94A81A00E0C146 /* SplitView.swift in Sources */,
				3A11B3E42A8219AF0023AD0E /* PasteboardManager.swift in Sources */,
				3ACB8A592A847B37001DDE30 /* ContentsView.swift in Sources */,
				3A11B3D52A8217160023AD0E /* App.swift in Sources */,
			);
			runOnlyForDeploymentPostprocessing = 0;
		};
/* End PBXSourcesBuildPhase section */

/* Begin XCBuildConfiguration section */
		3A11B3DE2A82171B0023AD0E /* Debug */ = {
			isa = XCBuildConfiguration;
			buildSettings = {
				ALWAYS_SEARCH_USER_PATHS = NO;
				ASSETCATALOG_COMPILER_GENERATE_SWIFT_ASSET_SYMBOL_EXTENSIONS = YES;
				CLANG_ANALYZER_NONNULL = YES;
				CLANG_ANALYZER_NUMBER_OBJECT_CONVERSION = YES_AGGRESSIVE;
				CLANG_CXX_LANGUAGE_STANDARD = "gnu++20";
				CLANG_ENABLE_MODULES = YES;
				CLANG_ENABLE_OBJC_ARC = YES;
				CLANG_ENABLE_OBJC_WEAK = YES;
				CLANG_WARN_BLOCK_CAPTURE_AUTORELEASING = YES;
				CLANG_WARN_BOOL_CONVERSION = YES;
				CLANG_WARN_COMMA = YES;
				CLANG_WARN_CONSTANT_CONVERSION = YES;
				CLANG_WARN_DEPRECATED_OBJC_IMPLEMENTATIONS = YES;
				CLANG_WARN_DIRECT_OBJC_ISA_USAGE = YES_ERROR;
				CLANG_WARN_DOCUMENTATION_COMMENTS = YES;
				CLANG_WARN_EMPTY_BODY = YES;
				CLANG_WARN_ENUM_CONVERSION = YES;
				CLANG_WARN_INFINITE_RECURSION = YES;
				CLANG_WARN_INT_CONVERSION = YES;
				CLANG_WARN_NON_LITERAL_NULL_CONVERSION = YES;
				CLANG_WARN_OBJC_IMPLICIT_RETAIN_SELF = YES;
				CLANG_WARN_OBJC_LITERAL_CONVERSION = YES;
				CLANG_WARN_OBJC_ROOT_CLASS = YES_ERROR;
				CLANG_WARN_QUOTED_INCLUDE_IN_FRAMEWORK_HEADER = YES;
				CLANG_WARN_RANGE_LOOP_ANALYSIS = YES;
				CLANG_WARN_STRICT_PROTOTYPES = YES;
				CLANG_WARN_SUSPICIOUS_MOVE = YES;
				CLANG_WARN_UNGUARDED_AVAILABILITY = YES_AGGRESSIVE;
				CLANG_WARN_UNREACHABLE_CODE = YES;
				CLANG_WARN__DUPLICATE_METHOD_MATCH = YES;
				COPY_PHASE_STRIP = NO;
				DEBUG_INFORMATION_FORMAT = dwarf;
				ENABLE_STRICT_OBJC_MSGSEND = YES;
				ENABLE_TESTABILITY = YES;
				ENABLE_USER_SCRIPT_SANDBOXING = YES;
				GCC_C_LANGUAGE_STANDARD = gnu17;
				GCC_DYNAMIC_NO_PIC = NO;
				GCC_NO_COMMON_BLOCKS = YES;
				GCC_OPTIMIZATION_LEVEL = 0;
				GCC_PREPROCESSOR_DEFINITIONS = (
					"DEBUG=1",
					"$(inherited)",
				);
				GCC_WARN_64_TO_32_BIT_CONVERSION = YES;
				GCC_WARN_ABOUT_RETURN_TYPE = YES_ERROR;
				GCC_WARN_UNDECLARED_SELECTOR = YES;
				GCC_WARN_UNINITIALIZED_AUTOS = YES_AGGRESSIVE;
				GCC_WARN_UNUSED_FUNCTION = YES;
				GCC_WARN_UNUSED_VARIABLE = YES;
				LOCALIZATION_PREFERS_STRING_CATALOGS = YES;
				MACOSX_DEPLOYMENT_TARGET = 13.0;
				MTL_ENABLE_DEBUG_INFO = INCLUDE_SOURCE;
				MTL_FAST_MATH = YES;
				ONLY_ACTIVE_ARCH = YES;
				SDKROOT = macosx;
				SWIFT_ACTIVE_COMPILATION_CONDITIONS = "DEBUG $(inherited)";
				SWIFT_OPTIMIZATION_LEVEL = "-Onone";
			};
			name = Debug;
		};
		3A11B3DF2A82171B0023AD0E /* Release */ = {
			isa = XCBuildConfiguration;
			buildSettings = {
				ALWAYS_SEARCH_USER_PATHS = NO;
				ASSETCATALOG_COMPILER_GENERATE_SWIFT_ASSET_SYMBOL_EXTENSIONS = YES;
				CLANG_ANALYZER_NONNULL = YES;
				CLANG_ANALYZER_NUMBER_OBJECT_CONVERSION = YES_AGGRESSIVE;
				CLANG_CXX_LANGUAGE_STANDARD = "gnu++20";
				CLANG_ENABLE_MODULES = YES;
				CLANG_ENABLE_OBJC_ARC = YES;
				CLANG_ENABLE_OBJC_WEAK = YES;
				CLANG_WARN_BLOCK_CAPTURE_AUTORELEASING = YES;
				CLANG_WARN_BOOL_CONVERSION = YES;
				CLANG_WARN_COMMA = YES;
				CLANG_WARN_CONSTANT_CONVERSION = YES;
				CLANG_WARN_DEPRECATED_OBJC_IMPLEMENTATIONS = YES;
				CLANG_WARN_DIRECT_OBJC_ISA_USAGE = YES_ERROR;
				CLANG_WARN_DOCUMENTATION_COMMENTS = YES;
				CLANG_WARN_EMPTY_BODY = YES;
				CLANG_WARN_ENUM_CONVERSION = YES;
				CLANG_WARN_INFINITE_RECURSION = YES;
				CLANG_WARN_INT_CONVERSION = YES;
				CLANG_WARN_NON_LITERAL_NULL_CONVERSION = YES;
				CLANG_WARN_OBJC_IMPLICIT_RETAIN_SELF = YES;
				CLANG_WARN_OBJC_LITERAL_CONVERSION = YES;
				CLANG_WARN_OBJC_ROOT_CLASS = YES_ERROR;
				CLANG_WARN_QUOTED_INCLUDE_IN_FRAMEWORK_HEADER = YES;
				CLANG_WARN_RANGE_LOOP_ANALYSIS = YES;
				CLANG_WARN_STRICT_PROTOTYPES = YES;
				CLANG_WARN_SUSPICIOUS_MOVE = YES;
				CLANG_WARN_UNGUARDED_AVAILABILITY = YES_AGGRESSIVE;
				CLANG_WARN_UNREACHABLE_CODE = YES;
				CLANG_WARN__DUPLICATE_METHOD_MATCH = YES;
				COPY_PHASE_STRIP = NO;
				DEBUG_INFORMATION_FORMAT = "dwarf-with-dsym";
				ENABLE_NS_ASSERTIONS = NO;
				ENABLE_STRICT_OBJC_MSGSEND = YES;
				ENABLE_USER_SCRIPT_SANDBOXING = YES;
				GCC_C_LANGUAGE_STANDARD = gnu17;
				GCC_NO_COMMON_BLOCKS = YES;
				GCC_WARN_64_TO_32_BIT_CONVERSION = YES;
				GCC_WARN_ABOUT_RETURN_TYPE = YES_ERROR;
				GCC_WARN_UNDECLARED_SELECTOR = YES;
				GCC_WARN_UNINITIALIZED_AUTOS = YES_AGGRESSIVE;
				GCC_WARN_UNUSED_FUNCTION = YES;
				GCC_WARN_UNUSED_VARIABLE = YES;
				LOCALIZATION_PREFERS_STRING_CATALOGS = YES;
				MACOSX_DEPLOYMENT_TARGET = 13.0;
				MTL_ENABLE_DEBUG_INFO = NO;
				MTL_FAST_MATH = YES;
				SDKROOT = macosx;
				SWIFT_COMPILATION_MODE = wholemodule;
			};
			name = Release;
		};
		3A11B3E12A82171B0023AD0E /* Debug */ = {
			isa = XCBuildConfiguration;
			buildSettings = {
				ASSETCATALOG_COMPILER_APPICON_NAME = AppIcon;
				ASSETCATALOG_COMPILER_GLOBAL_ACCENT_COLOR_NAME = AccentColor;
				CODE_SIGN_ENTITLEMENTS = "$(TARGET_NAME)/$(TARGET_NAME).entitlements";
				CODE_SIGN_STYLE = Automatic;
				COMBINE_HIDPI_IMAGES = YES;
				CURRENT_PROJECT_VERSION = 1;
				DEVELOPMENT_ASSET_PATHS = "\"PasteShow/Preview Content\"";
				DEVELOPMENT_TEAM = C48U2B38TC;
				ENABLE_HARDENED_RUNTIME = YES;
				ENABLE_PREVIEWS = YES;
				GENERATE_INFOPLIST_FILE = YES;
				INFOPLIST_KEY_NSHumanReadableCopyright = "";
				LD_RUNPATH_SEARCH_PATHS = (
					"$(inherited)",
					"@executable_path/../Frameworks",
				);
				MACOSX_DEPLOYMENT_TARGET = 13.0;
				MARKETING_VERSION = 2.0;
				PRODUCT_BUNDLE_IDENTIFIER = com.nuwastone.PasteShow;
				PRODUCT_NAME = "$(TARGET_NAME)";
				SWIFT_EMIT_LOC_STRINGS = YES;
				SWIFT_VERSION = 5.0;
			};
			name = Debug;
		};
		3A11B3E22A82171B0023AD0E /* Release */ = {
			isa = XCBuildConfiguration;
			buildSettings = {
				ASSETCATALOG_COMPILER_APPICON_NAME = AppIcon;
				ASSETCATALOG_COMPILER_GLOBAL_ACCENT_COLOR_NAME = AccentColor;
				CODE_SIGN_ENTITLEMENTS = "$(TARGET_NAME)/$(TARGET_NAME).entitlements";
				CODE_SIGN_STYLE = Automatic;
				COMBINE_HIDPI_IMAGES = YES;
				CURRENT_PROJECT_VERSION = 1;
				DEVELOPMENT_ASSET_PATHS = "\"PasteShow/Preview Content\"";
				DEVELOPMENT_TEAM = C48U2B38TC;
				ENABLE_HARDENED_RUNTIME = YES;
				ENABLE_PREVIEWS = YES;
				GENERATE_INFOPLIST_FILE = YES;
				INFOPLIST_KEY_NSHumanReadableCopyright = "";
				LD_RUNPATH_SEARCH_PATHS = (
					"$(inherited)",
					"@executable_path/../Frameworks",
				);
				MACOSX_DEPLOYMENT_TARGET = 13.0;
				MARKETING_VERSION = 2.0;
				PRODUCT_BUNDLE_IDENTIFIER = com.nuwastone.PasteShow;
				PRODUCT_NAME = "$(TARGET_NAME)";
				SWIFT_EMIT_LOC_STRINGS = YES;
				SWIFT_VERSION = 5.0;
			};
			name = Release;
		};
/* End XCBuildConfiguration section */

/* Begin XCConfigurationList section */
		3A11B3CC2A8217160023AD0E /* Build configuration list for PBXProject "PasteShow" */ = {
			isa = XCConfigurationList;
			buildConfigurations = (
				3A11B3DE2A82171B0023AD0E /* Debug */,
				3A11B3DF2A82171B0023AD0E /* Release */,
			);
			defaultConfigurationIsVisible = 0;
			defaultConfigurationName = Release;
		};
		3A11B3E02A82171B0023AD0E /* Build configuration list for PBXNativeTarget "PasteShow" */ = {
			isa = XCConfigurationList;
			buildConfigurations = (
				3A11B3E12A82171B0023AD0E /* Debug */,
				3A11B3E22A82171B0023AD0E /* Release */,
			);
			defaultConfigurationIsVisible = 0;
			defaultConfigurationName = Release;
		};
/* End XCConfigurationList section */
	};
	rootObject = 3A11B3C92A8217160023AD0E /* Project object */;
}
